// !$*UTF8*$!
{
	archiveVersion = 1;
	classes = {
	};
	objectVersion = 46;
	objects = {

/* Begin PBXBuildFile section */
		3DE91D1BE19BCF5A97F12838 /* Pods_AuthSns.framework in Frameworks */ = {isa = PBXBuildFile; fileRef = F2369A00E274FEC7972B7EA2 /* Pods_AuthSns.framework */; };
		6D98A7821E41C9C700F0BB92 /* UserProfileViewController.m in Sources */ = {isa = PBXBuildFile; fileRef = 6D98A7811E41C9C700F0BB92 /* UserProfileViewController.m */; };
		6DDFD4E71E41C647001F1F84 /* main.m in Sources */ = {isa = PBXBuildFile; fileRef = 6DDFD4E61E41C647001F1F84 /* main.m */; };
		6DDFD4EA1E41C647001F1F84 /* AppDelegate.m in Sources */ = {isa = PBXBuildFile; fileRef = 6DDFD4E91E41C647001F1F84 /* AppDelegate.m */; };
		6DDFD4ED1E41C647001F1F84 /* ViewController.m in Sources */ = {isa = PBXBuildFile; fileRef = 6DDFD4EC1E41C647001F1F84 /* ViewController.m */; };
		6DDFD4F01E41C647001F1F84 /* Main.storyboard in Resources */ = {isa = PBXBuildFile; fileRef = 6DDFD4EE1E41C647001F1F84 /* Main.storyboard */; };
		6DDFD4F21E41C647001F1F84 /* Assets.xcassets in Resources */ = {isa = PBXBuildFile; fileRef = 6DDFD4F11E41C647001F1F84 /* Assets.xcassets */; };
		6DDFD4F51E41C647001F1F84 /* LaunchScreen.storyboard in Resources */ = {isa = PBXBuildFile; fileRef = 6DDFD4F31E41C647001F1F84 /* LaunchScreen.storyboard */; };
		6DDFD5001E41C647001F1F84 /* AuthSnsTests.m in Sources */ = {isa = PBXBuildFile; fileRef = 6DDFD4FF1E41C647001F1F84 /* AuthSnsTests.m */; };
		97F4686915AAE332EC1A249F /* Pods_AuthSnsTests.framework in Frameworks */ = {isa = PBXBuildFile; fileRef = A3586B4FEEB01B478B628DFF /* Pods_AuthSnsTests.framework */; };
/* End PBXBuildFile section */

/* Begin PBXContainerItemProxy section */
		6DDFD4FC1E41C647001F1F84 /* PBXContainerItemProxy */ = {
			isa = PBXContainerItemProxy;
			containerPortal = 6DDFD4DA1E41C647001F1F84 /* Project object */;
			proxyType = 1;
			remoteGlobalIDString = 6DDFD4E11E41C647001F1F84;
			remoteInfo = AuthSns;
		};
/* End PBXContainerItemProxy section */

/* Begin PBXFileReference section */
		052B3922576C1790DB188FBB /* Pods-AuthSnsTests.debug.xcconfig */ = {isa = PBXFileReference; includeInIndex = 1; lastKnownFileType = text.xcconfig; name = "Pods-AuthSnsTests.debug.xcconfig"; path = "Pods/Target Support Files/Pods-AuthSnsTests/Pods-AuthSnsTests.debug.xcconfig"; sourceTree = "<group>"; };
		29DD4A7140C65AC8ADF19F41 /* Pods-AuthSnsTests.release.xcconfig */ = {isa = PBXFileReference; includeInIndex = 1; lastKnownFileType = text.xcconfig; name = "Pods-AuthSnsTests.release.xcconfig"; path = "Pods/Target Support Files/Pods-AuthSnsTests/Pods-AuthSnsTests.release.xcconfig"; sourceTree = "<group>"; };
		6D98A7801E41C9C700F0BB92 /* UserProfileViewController.h */ = {isa = PBXFileReference; fileEncoding = 4; lastKnownFileType = sourcecode.c.h; path = UserProfileViewController.h; sourceTree = "<group>"; };
		6D98A7811E41C9C700F0BB92 /* UserProfileViewController.m */ = {isa = PBXFileReference; fileEncoding = 4; lastKnownFileType = sourcecode.c.objc; path = UserProfileViewController.m; sourceTree = "<group>"; };
		6DDFD4E21E41C647001F1F84 /* AuthSns.app */ = {isa = PBXFileReference; explicitFileType = wrapper.application; includeInIndex = 0; path = AuthSns.app; sourceTree = BUILT_PRODUCTS_DIR; };
		6DDFD4E61E41C647001F1F84 /* main.m */ = {isa = PBXFileReference; lastKnownFileType = sourcecode.c.objc; path = main.m; sourceTree = "<group>"; };
		6DDFD4E81E41C647001F1F84 /* AppDelegate.h */ = {isa = PBXFileReference; lastKnownFileType = sourcecode.c.h; path = AppDelegate.h; sourceTree = "<group>"; };
		6DDFD4E91E41C647001F1F84 /* AppDelegate.m */ = {isa = PBXFileReference; lastKnownFileType = sourcecode.c.objc; path = AppDelegate.m; sourceTree = "<group>"; };
		6DDFD4EB1E41C647001F1F84 /* ViewController.h */ = {isa = PBXFileReference; lastKnownFileType = sourcecode.c.h; path = ViewController.h; sourceTree = "<group>"; };
		6DDFD4EC1E41C647001F1F84 /* ViewController.m */ = {isa = PBXFileReference; lastKnownFileType = sourcecode.c.objc; path = ViewController.m; sourceTree = "<group>"; };
		6DDFD4EF1E41C647001F1F84 /* Base */ = {isa = PBXFileReference; lastKnownFileType = file.storyboard; name = Base; path = Base.lproj/Main.storyboard; sourceTree = "<group>"; };
		6DDFD4F11E41C647001F1F84 /* Assets.xcassets */ = {isa = PBXFileReference; lastKnownFileType = folder.assetcatalog; path = Assets.xcassets; sourceTree = "<group>"; };
		6DDFD4F41E41C647001F1F84 /* Base */ = {isa = PBXFileReference; lastKnownFileType = file.storyboard; name = Base; path = Base.lproj/LaunchScreen.storyboard; sourceTree = "<group>"; };
		6DDFD4F61E41C647001F1F84 /* Info.plist */ = {isa = PBXFileReference; lastKnownFileType = text.plist.xml; path = Info.plist; sourceTree = "<group>"; };
		6DDFD4FB1E41C647001F1F84 /* AuthSnsTests.xctest */ = {isa = PBXFileReference; explicitFileType = wrapper.cfbundle; includeInIndex = 0; path = AuthSnsTests.xctest; sourceTree = BUILT_PRODUCTS_DIR; };
		6DDFD4FF1E41C647001F1F84 /* AuthSnsTests.m */ = {isa = PBXFileReference; lastKnownFileType = sourcecode.c.objc; path = AuthSnsTests.m; sourceTree = "<group>"; };
		6DDFD5011E41C647001F1F84 /* Info.plist */ = {isa = PBXFileReference; lastKnownFileType = text.plist.xml; path = Info.plist; sourceTree = "<group>"; };
		A3586B4FEEB01B478B628DFF /* Pods_AuthSnsTests.framework */ = {isa = PBXFileReference; explicitFileType = wrapper.framework; includeInIndex = 0; path = Pods_AuthSnsTests.framework; sourceTree = BUILT_PRODUCTS_DIR; };
		BC5A2EDFB9DE26987D6F64EA /* Pods-AuthSns.release.xcconfig */ = {isa = PBXFileReference; includeInIndex = 1; lastKnownFileType = text.xcconfig; name = "Pods-AuthSns.release.xcconfig"; path = "Pods/Target Support Files/Pods-AuthSns/Pods-AuthSns.release.xcconfig"; sourceTree = "<group>"; };
		C0F029E63F7A8837408F3DFE /* Pods-AuthSns.debug.xcconfig */ = {isa = PBXFileReference; includeInIndex = 1; lastKnownFileType = text.xcconfig; name = "Pods-AuthSns.debug.xcconfig"; path = "Pods/Target Support Files/Pods-AuthSns/Pods-AuthSns.debug.xcconfig"; sourceTree = "<group>"; };
		F2369A00E274FEC7972B7EA2 /* Pods_AuthSns.framework */ = {isa = PBXFileReference; explicitFileType = wrapper.framework; includeInIndex = 0; path = Pods_AuthSns.framework; sourceTree = BUILT_PRODUCTS_DIR; };
/* End PBXFileReference section */

/* Begin PBXFrameworksBuildPhase section */
		6DDFD4DF1E41C647001F1F84 /* Frameworks */ = {
			isa = PBXFrameworksBuildPhase;
			buildActionMask = 2147483647;
			files = (
				3DE91D1BE19BCF5A97F12838 /* Pods_AuthSns.framework in Frameworks */,
			);
			runOnlyForDeploymentPostprocessing = 0;
		};
		6DDFD4F81E41C647001F1F84 /* Frameworks */ = {
			isa = PBXFrameworksBuildPhase;
			buildActionMask = 2147483647;
			files = (
				97F4686915AAE332EC1A249F /* Pods_AuthSnsTests.framework in Frameworks */,
			);
			runOnlyForDeploymentPostprocessing = 0;
		};
/* End PBXFrameworksBuildPhase section */

/* Begin PBXGroup section */
		31BDF03230E22C7DF082CC03 /* Frameworks */ = {
			isa = PBXGroup;
			children = (
				F2369A00E274FEC7972B7EA2 /* Pods_AuthSns.framework */,
				A3586B4FEEB01B478B628DFF /* Pods_AuthSnsTests.framework */,
			);
			name = Frameworks;
			sourceTree = "<group>";
		};
		6DDFD4D91E41C647001F1F84 = {
			isa = PBXGroup;
			children = (
				6DDFD4E41E41C647001F1F84 /* AuthSns */,
				6DDFD4FE1E41C647001F1F84 /* AuthSnsTests */,
				6DDFD4E31E41C647001F1F84 /* Products */,
				D2592C3847C901F469F792A3 /* Pods */,
				31BDF03230E22C7DF082CC03 /* Frameworks */,
			);
			sourceTree = "<group>";
		};
		6DDFD4E31E41C647001F1F84 /* Products */ = {
			isa = PBXGroup;
			children = (
				6DDFD4E21E41C647001F1F84 /* AuthSns.app */,
				6DDFD4FB1E41C647001F1F84 /* AuthSnsTests.xctest */,
			);
			name = Products;
			sourceTree = "<group>";
		};
		6DDFD4E41E41C647001F1F84 /* AuthSns */ = {
			isa = PBXGroup;
			children = (
				6D98A7801E41C9C700F0BB92 /* UserProfileViewController.h */,
				6D98A7811E41C9C700F0BB92 /* UserProfileViewController.m */,
				6DDFD4E81E41C647001F1F84 /* AppDelegate.h */,
				6DDFD4E91E41C647001F1F84 /* AppDelegate.m */,
				6DDFD4EB1E41C647001F1F84 /* ViewController.h */,
				6DDFD4EC1E41C647001F1F84 /* ViewController.m */,
				6DDFD4EE1E41C647001F1F84 /* Main.storyboard */,
				6DDFD4F11E41C647001F1F84 /* Assets.xcassets */,
				6DDFD4F31E41C647001F1F84 /* LaunchScreen.storyboard */,
				6DDFD4F61E41C647001F1F84 /* Info.plist */,
				6DDFD4E51E41C647001F1F84 /* Supporting Files */,
			);
			path = AuthSns;
			sourceTree = "<group>";
		};
		6DDFD4E51E41C647001F1F84 /* Supporting Files */ = {
			isa = PBXGroup;
			children = (
				6DDFD4E61E41C647001F1F84 /* main.m */,
			);
			name = "Supporting Files";
			sourceTree = "<group>";
		};
		6DDFD4FE1E41C647001F1F84 /* AuthSnsTests */ = {
			isa = PBXGroup;
			children = (
				6DDFD4FF1E41C647001F1F84 /* AuthSnsTests.m */,
				6DDFD5011E41C647001F1F84 /* Info.plist */,
			);
			path = AuthSnsTests;
			sourceTree = "<group>";
		};
		D2592C3847C901F469F792A3 /* Pods */ = {
			isa = PBXGroup;
			children = (
				C0F029E63F7A8837408F3DFE /* Pods-AuthSns.debug.xcconfig */,
				BC5A2EDFB9DE26987D6F64EA /* Pods-AuthSns.release.xcconfig */,
				052B3922576C1790DB188FBB /* Pods-AuthSnsTests.debug.xcconfig */,
				29DD4A7140C65AC8ADF19F41 /* Pods-AuthSnsTests.release.xcconfig */,
			);
			name = Pods;
			sourceTree = "<group>";
		};
/* End PBXGroup section */

/* Begin PBXNativeTarget section */
		6DDFD4E11E41C647001F1F84 /* AuthSns */ = {
			isa = PBXNativeTarget;
			buildConfigurationList = 6DDFD5041E41C647001F1F84 /* Build configuration list for PBXNativeTarget "AuthSns" */;
			buildPhases = (
				1FEAAFB91DE7E9D62FD08719 /* [CP] Check Pods Manifest.lock */,
				6DDFD4DE1E41C647001F1F84 /* Sources */,
				6DDFD4DF1E41C647001F1F84 /* Frameworks */,
				6DDFD4E01E41C647001F1F84 /* Resources */,
				AEB4C4F0259534086CE979D6 /* [CP] Embed Pods Frameworks */,
				61DAD572EA0C19498298ECB7 /* [CP] Copy Pods Resources */,
			);
			buildRules = (
			);
			dependencies = (
			);
			name = AuthSns;
			productName = AuthSns;
			productReference = 6DDFD4E21E41C647001F1F84 /* AuthSns.app */;
			productType = "com.apple.product-type.application";
		};
		6DDFD4FA1E41C647001F1F84 /* AuthSnsTests */ = {
			isa = PBXNativeTarget;
			buildConfigurationList = 6DDFD5071E41C647001F1F84 /* Build configuration list for PBXNativeTarget "AuthSnsTests" */;
			buildPhases = (
				1B01BEA0237BAF289FF607DF /* [CP] Check Pods Manifest.lock */,
				6DDFD4F71E41C647001F1F84 /* Sources */,
				6DDFD4F81E41C647001F1F84 /* Frameworks */,
				6DDFD4F91E41C647001F1F84 /* Resources */,
				4E8E881306FCEB5858CB6F6F /* [CP] Embed Pods Frameworks */,
				E8B9F46503EC06EC36A4D6CE /* [CP] Copy Pods Resources */,
			);
			buildRules = (
			);
			dependencies = (
				6DDFD4FD1E41C647001F1F84 /* PBXTargetDependency */,
			);
			name = AuthSnsTests;
			productName = AuthSnsTests;
			productReference = 6DDFD4FB1E41C647001F1F84 /* AuthSnsTests.xctest */;
			productType = "com.apple.product-type.bundle.unit-test";
		};
/* End PBXNativeTarget section */

/* Begin PBXProject section */
		6DDFD4DA1E41C647001F1F84 /* Project object */ = {
			isa = PBXProject;
			attributes = {
				LastUpgradeCheck = 0820;
				ORGANIZATIONNAME = "김민아";
				TargetAttributes = {
					6DDFD4E11E41C647001F1F84 = {
						CreatedOnToolsVersion = 8.2.1;
						DevelopmentTeam = A87J69XM38;
						ProvisioningStyle = Automatic;
					};
					6DDFD4FA1E41C647001F1F84 = {
						CreatedOnToolsVersion = 8.2.1;
						ProvisioningStyle = Automatic;
						TestTargetID = 6DDFD4E11E41C647001F1F84;
					};
				};
			};
			buildConfigurationList = 6DDFD4DD1E41C647001F1F84 /* Build configuration list for PBXProject "AuthSns" */;
			compatibilityVersion = "Xcode 3.2";
			developmentRegion = English;
			hasScannedForEncodings = 0;
			knownRegions = (
				en,
				Base,
			);
			mainGroup = 6DDFD4D91E41C647001F1F84;
			productRefGroup = 6DDFD4E31E41C647001F1F84 /* Products */;
			projectDirPath = "";
			projectRoot = "";
			targets = (
				6DDFD4E11E41C647001F1F84 /* AuthSns */,
				6DDFD4FA1E41C647001F1F84 /* AuthSnsTests */,
			);
		};
/* End PBXProject section */

/* Begin PBXResourcesBuildPhase section */
		6DDFD4E01E41C647001F1F84 /* Resources */ = {
			isa = PBXResourcesBuildPhase;
			buildActionMask = 2147483647;
			files = (
				6DDFD4F51E41C647001F1F84 /* LaunchScreen.storyboard in Resources */,
				6DDFD4F21E41C647001F1F84 /* Assets.xcassets in Resources */,
				6DDFD4F01E41C647001F1F84 /* Main.storyboard in Resources */,
			);
			runOnlyForDeploymentPostprocessing = 0;
		};
		6DDFD4F91E41C647001F1F84 /* Resources */ = {
			isa = PBXResourcesBuildPhase;
			buildActionMask = 2147483647;
			files = (
			);
			runOnlyForDeploymentPostprocessing = 0;
		};
/* End PBXResourcesBuildPhase section */

/* Begin PBXShellScriptBuildPhase section */
		1B01BEA0237BAF289FF607DF /* [CP] Check Pods Manifest.lock */ = {
			isa = PBXShellScriptBuildPhase;
			buildActionMask = 2147483647;
			files = (
			);
			inputPaths = (
			);
			name = "[CP] Check Pods Manifest.lock";
			outputPaths = (
			);
			runOnlyForDeploymentPostprocessing = 0;
			shellPath = /bin/sh;
			shellScript = "diff \"${PODS_ROOT}/../Podfile.lock\" \"${PODS_ROOT}/Manifest.lock\" > /dev/null\nif [ $? != 0 ] ; then\n    # print error to STDERR\n    echo \"error: The sandbox is not in sync with the Podfile.lock. Run 'pod install' or update your CocoaPods installation.\" >&2\n    exit 1\nfi\n";
			showEnvVarsInLog = 0;
		};
		1FEAAFB91DE7E9D62FD08719 /* [CP] Check Pods Manifest.lock */ = {
			isa = PBXShellScriptBuildPhase;
			buildActionMask = 2147483647;
			files = (
			);
			inputPaths = (
			);
			name = "[CP] Check Pods Manifest.lock";
			outputPaths = (
			);
			runOnlyForDeploymentPostprocessing = 0;
			shellPath = /bin/sh;
			shellScript = "diff \"${PODS_ROOT}/../Podfile.lock\" \"${PODS_ROOT}/Manifest.lock\" > /dev/null\nif [ $? != 0 ] ; then\n    # print error to STDERR\n    echo \"error: The sandbox is not in sync with the Podfile.lock. Run 'pod install' or update your CocoaPods installation.\" >&2\n    exit 1\nfi\n";
			showEnvVarsInLog = 0;
		};
		4E8E881306FCEB5858CB6F6F /* [CP] Embed Pods Frameworks */ = {
			isa = PBXShellScriptBuildPhase;
			buildActionMask = 2147483647;
			files = (
			);
			inputPaths = (
			);
			name = "[CP] Embed Pods Frameworks";
			outputPaths = (
			);
			runOnlyForDeploymentPostprocessing = 0;
			shellPath = /bin/sh;
			shellScript = "\"${SRCROOT}/Pods/Target Support Files/Pods-AuthSnsTests/Pods-AuthSnsTests-frameworks.sh\"\n";
			showEnvVarsInLog = 0;
		};
		61DAD572EA0C19498298ECB7 /* [CP] Copy Pods Resources */ = {
			isa = PBXShellScriptBuildPhase;
			buildActionMask = 2147483647;
			files = (
			);
			inputPaths = (
			);
			name = "[CP] Copy Pods Resources";
			outputPaths = (
			);
			runOnlyForDeploymentPostprocessing = 0;
			shellPath = /bin/sh;
			shellScript = "\"${SRCROOT}/Pods/Target Support Files/Pods-AuthSns/Pods-AuthSns-resources.sh\"\n";
			showEnvVarsInLog = 0;
		};
		AEB4C4F0259534086CE979D6 /* [CP] Embed Pods Frameworks */ = {
			isa = PBXShellScriptBuildPhase;
			buildActionMask = 2147483647;
			files = (
			);
			inputPaths = (
			);
			name = "[CP] Embed Pods Frameworks";
			outputPaths = (
			);
			runOnlyForDeploymentPostprocessing = 0;
			shellPath = /bin/sh;
			shellScript = "\"${SRCROOT}/Pods/Target Support Files/Pods-AuthSns/Pods-AuthSns-frameworks.sh\"\n";
			showEnvVarsInLog = 0;
		};
		E8B9F46503EC06EC36A4D6CE /* [CP] Copy Pods Resources */ = {
			isa = PBXShellScriptBuildPhase;
			buildActionMask = 2147483647;
			files = (
			);
			inputPaths = (
			);
			name = "[CP] Copy Pods Resources";
			outputPaths = (
			);
			runOnlyForDeploymentPostprocessing = 0;
			shellPath = /bin/sh;
			shellScript = "\"${SRCROOT}/Pods/Target Support Files/Pods-AuthSnsTests/Pods-AuthSnsTests-resources.sh\"\n";
			showEnvVarsInLog = 0;
		};
/* End PBXShellScriptBuildPhase section */

/* Begin PBXSourcesBuildPhase section */
		6DDFD4DE1E41C647001F1F84 /* Sources */ = {
			isa = PBXSourcesBuildPhase;
			buildActionMask = 2147483647;
			files = (
				6DDFD4ED1E41C647001F1F84 /* ViewController.m in Sources */,
				6D98A7821E41C9C700F0BB92 /* UserProfileViewController.m in Sources */,
				6DDFD4EA1E41C647001F1F84 /* AppDelegate.m in Sources */,
				6DDFD4E71E41C647001F1F84 /* main.m in Sources */,
			);
			runOnlyForDeploymentPostprocessing = 0;
		};
		6DDFD4F71E41C647001F1F84 /* Sources */ = {
			isa = PBXSourcesBuildPhase;
			buildActionMask = 2147483647;
			files = (
				6DDFD5001E41C647001F1F84 /* AuthSnsTests.m in Sources */,
			);
			runOnlyForDeploymentPostprocessing = 0;
		};
/* End PBXSourcesBuildPhase section */

/* Begin PBXTargetDependency section */
		6DDFD4FD1E41C647001F1F84 /* PBXTargetDependency */ = {
			isa = PBXTargetDependency;
			target = 6DDFD4E11E41C647001F1F84 /* AuthSns */;
			targetProxy = 6DDFD4FC1E41C647001F1F84 /* PBXContainerItemProxy */;
		};
/* End PBXTargetDependency section */

/* Begin PBXVariantGroup section */
		6DDFD4EE1E41C647001F1F84 /* Main.storyboard */ = {
			isa = PBXVariantGroup;
			children = (
				6DDFD4EF1E41C647001F1F84 /* Base */,
			);
			name = Main.storyboard;
			sourceTree = "<group>";
		};
		6DDFD4F31E41C647001F1F84 /* LaunchScreen.storyboard */ = {
			isa = PBXVariantGroup;
			children = (
				6DDFD4F41E41C647001F1F84 /* Base */,
			);
			name = LaunchScreen.storyboard;
			sourceTree = "<group>";
		};
/* End PBXVariantGroup section */

/* Begin XCBuildConfiguration section */
		6DDFD5021E41C647001F1F84 /* Debug */ = {
			isa = XCBuildConfiguration;
			buildSettings = {
				ALWAYS_SEARCH_USER_PATHS = NO;
				CLANG_ANALYZER_NONNULL = YES;
				CLANG_CXX_LANGUAGE_STANDARD = "gnu++0x";
				CLANG_CXX_LIBRARY = "libc++";
				CLANG_ENABLE_MODULES = YES;
				CLANG_ENABLE_OBJC_ARC = YES;
				CLANG_WARN_BOOL_CONVERSION = YES;
				CLANG_WARN_CONSTANT_CONVERSION = YES;
				CLANG_WARN_DIRECT_OBJC_ISA_USAGE = YES_ERROR;
				CLANG_WARN_DOCUMENTATION_COMMENTS = YES;
				CLANG_WARN_EMPTY_BODY = YES;
				CLANG_WARN_ENUM_CONVERSION = YES;
				CLANG_WARN_INFINITE_RECURSION = YES;
				CLANG_WARN_INT_CONVERSION = YES;
				CLANG_WARN_OBJC_ROOT_CLASS = YES_ERROR;
				CLANG_WARN_SUSPICIOUS_MOVE = YES;
				CLANG_WARN_UNREACHABLE_CODE = YES;
				CLANG_WARN__DUPLICATE_METHOD_MATCH = YES;
				"CODE_SIGN_IDENTITY[sdk=iphoneos*]" = "iPhone Developer";
				COPY_PHASE_STRIP = NO;
				DEBUG_INFORMATION_FORMAT = dwarf;
				ENABLE_STRICT_OBJC_MSGSEND = YES;
				ENABLE_TESTABILITY = YES;
				GCC_C_LANGUAGE_STANDARD = gnu99;
				GCC_DYNAMIC_NO_PIC = NO;
				GCC_NO_COMMON_BLOCKS = YES;
				GCC_OPTIMIZATION_LEVEL = 0;
				GCC_PREPROCESSOR_DEFINITIONS = (
					"DEBUG=1",
					"$(inherited)",
				);
				GCC_WARN_64_TO_32_BIT_CONVERSION = YES;
				GCC_WARN_ABOUT_RETURN_TYPE = YES_ERROR;
				GCC_WARN_UNDECLARED_SELECTOR = YES;
				GCC_WARN_UNINITIALIZED_AUTOS = YES_AGGRESSIVE;
				GCC_WARN_UNUSED_FUNCTION = YES;
				GCC_WARN_UNUSED_VARIABLE = YES;
				IPHONEOS_DEPLOYMENT_TARGET = 10.2;
				MTL_ENABLE_DEBUG_INFO = YES;
				ONLY_ACTIVE_ARCH = YES;
				SDKROOT = iphoneos;
			};
			name = Debug;
		};
		6DDFD5031E41C647001F1F84 /* Release */ = {
			isa = XCBuildConfiguration;
			buildSettings = {
				ALWAYS_SEARCH_USER_PATHS = NO;
				CLANG_ANALYZER_NONNULL = YES;
				CLANG_CXX_LANGUAGE_STANDARD = "gnu++0x";
				CLANG_CXX_LIBRARY = "libc++";
				CLANG_ENABLE_MODULES = YES;
				CLANG_ENABLE_OBJC_ARC = YES;
				CLANG_WARN_BOOL_CONVERSION = YES;
				CLANG_WARN_CONSTANT_CONVERSION = YES;
				CLANG_WARN_DIRECT_OBJC_ISA_USAGE = YES_ERROR;
				CLANG_WARN_DOCUMENTATION_COMMENTS = YES;
				CLANG_WARN_EMPTY_BODY = YES;
				CLANG_WARN_ENUM_CONVERSION = YES;
				CLANG_WARN_INFINITE_RECURSION = YES;
				CLANG_WARN_INT_CONVERSION = YES;
				CLANG_WARN_OBJC_ROOT_CLASS = YES_ERROR;
				CLANG_WARN_SUSPICIOUS_MOVE = YES;
				CLANG_WARN_UNREACHABLE_CODE = YES;
				CLANG_WARN__DUPLICATE_METHOD_MATCH = YES;
				"CODE_SIGN_IDENTITY[sdk=iphoneos*]" = "iPhone Developer";
				COPY_PHASE_STRIP = NO;
				DEBUG_INFORMATION_FORMAT = "dwarf-with-dsym";
				ENABLE_NS_ASSERTIONS = NO;
				ENABLE_STRICT_OBJC_MSGSEND = YES;
				GCC_C_LANGUAGE_STANDARD = gnu99;
				GCC_NO_COMMON_BLOCKS = YES;
				GCC_WARN_64_TO_32_BIT_CONVERSION = YES;
				GCC_WARN_ABOUT_RETURN_TYPE = YES_ERROR;
				GCC_WARN_UNDECLARED_SELECTOR = YES;
				GCC_WARN_UNINITIALIZED_AUTOS = YES_AGGRESSIVE;
				GCC_WARN_UNUSED_FUNCTION = YES;
				GCC_WARN_UNUSED_VARIABLE = YES;
				IPHONEOS_DEPLOYMENT_TARGET = 10.2;
				MTL_ENABLE_DEBUG_INFO = NO;
				SDKROOT = iphoneos;
				VALIDATE_PRODUCT = YES;
			};
			name = Release;
		};
		6DDFD5051E41C647001F1F84 /* Debug */ = {
			isa = XCBuildConfiguration;
			baseConfigurationReference = C0F029E63F7A8837408F3DFE /* Pods-AuthSns.debug.xcconfig */;
			buildSettings = {
				ASSETCATALOG_COMPILER_APPICON_NAME = AppIcon;
				DEVELOPMENT_TEAM = A87J69XM38;
				INFOPLIST_FILE = AuthSns/Info.plist;
				IPHONEOS_DEPLOYMENT_TARGET = 8.0;
				LD_RUNPATH_SEARCH_PATHS = "$(inherited) @executable_path/Frameworks";
				PRODUCT_BUNDLE_IDENTIFIER = com.smict.AuthSns;
				PRODUCT_NAME = "$(TARGET_NAME)";
			};
			name = Debug;
		};
		6DDFD5061E41C647001F1F84 /* Release */ = {
			isa = XCBuildConfiguration;
			baseConfigurationReference = BC5A2EDFB9DE26987D6F64EA /* Pods-AuthSns.release.xcconfig */;
			buildSettings = {
				ASSETCATALOG_COMPILER_APPICON_NAME = AppIcon;
				DEVELOPMENT_TEAM = A87J69XM38;
				INFOPLIST_FILE = AuthSns/Info.plist;
				IPHONEOS_DEPLOYMENT_TARGET = 8.0;
				LD_RUNPATH_SEARCH_PATHS = "$(inherited) @executable_path/Frameworks";
				PRODUCT_BUNDLE_IDENTIFIER = com.smict.AuthSns;
				PRODUCT_NAME = "$(TARGET_NAME)";
			};
			name = Release;
		};
		6DDFD5081E41C647001F1F84 /* Debug */ = {
			isa = XCBuildConfiguration;
			baseConfigurationReference = 052B3922576C1790DB188FBB /* Pods-AuthSnsTests.debug.xcconfig */;
			buildSettings = {
				BUNDLE_LOADER = "$(TEST_HOST)";
				INFOPLIST_FILE = AuthSnsTests/Info.plist;
				LD_RUNPATH_SEARCH_PATHS = "$(inherited) @executable_path/Frameworks @loader_path/Frameworks";
				PRODUCT_BUNDLE_IDENTIFIER = com.smict.AuthSnsTests;
				PRODUCT_NAME = "$(TARGET_NAME)";
				TEST_HOST = "$(BUILT_PRODUCTS_DIR)/AuthSns.app/AuthSns";
			};
			name = Debug;
		};
		6DDFD5091E41C647001F1F84 /* Release */ = {
			isa = XCBuildConfiguration;
			baseConfigurationReference = 29DD4A7140C65AC8ADF19F41 /* Pods-AuthSnsTests.release.xcconfig */;
			buildSettings = {
				BUNDLE_LOADER = "$(TEST_HOST)";
				INFOPLIST_FILE = AuthSnsTests/Info.plist;
				LD_RUNPATH_SEARCH_PATHS = "$(inherited) @executable_path/Frameworks @loader_path/Frameworks";
				PRODUCT_BUNDLE_IDENTIFIER = com.smict.AuthSnsTests;
				PRODUCT_NAME = "$(TARGET_NAME)";
				TEST_HOST = "$(BUILT_PRODUCTS_DIR)/AuthSns.app/AuthSns";
			};
			name = Release;
		};
/* End XCBuildConfiguration section */

/* Begin XCConfigurationList section */
		6DDFD4DD1E41C647001F1F84 /* Build configuration list for PBXProject "AuthSns" */ = {
			isa = XCConfigurationList;
			buildConfigurations = (
				6DDFD5021E41C647001F1F84 /* Debug */,
				6DDFD5031E41C647001F1F84 /* Release */,
			);
			defaultConfigurationIsVisible = 0;
			defaultConfigurationName = Release;
		};
		6DDFD5041E41C647001F1F84 /* Build configuration list for PBXNativeTarget "AuthSns" */ = {
			isa = XCConfigurationList;
			buildConfigurations = (
				6DDFD5051E41C647001F1F84 /* Debug */,
				6DDFD5061E41C647001F1F84 /* Release */,
			);
			defaultConfigurationIsVisible = 0;
			defaultConfigurationName = Release;
		};
		6DDFD5071E41C647001F1F84 /* Build configuration list for PBXNativeTarget "AuthSnsTests" */ = {
			isa = XCConfigurationList;
			buildConfigurations = (
				6DDFD5081E41C647001F1F84 /* Debug */,
				6DDFD5091E41C647001F1F84 /* Release */,
			);
			defaultConfigurationIsVisible = 0;
			defaultConfigurationName = Release;
		};
/* End XCConfigurationList section */
	};
	rootObject = 6DDFD4DA1E41C647001F1F84 /* Project object */;
}
